
Microsoft Visual Studio Solution File, Format Version 12.00
# Visual Studio Version 16
VisualStudioVersion = 16.0.34114.132
MinimumVisualStudioVersion = 10.0.40219.1
Project("{9A19103F-16F7-4668-BE54-9A1E7A4F7556}") = "JayoVMCPlugin", "JayoVMCPlugin.csproj", "{8BAC26E1-4086-42CE-A6B5-D8740FE0CE3F}"
EndProject
Global
	GlobalSection(SolutionConfigurationPlatforms) = preSolution
		Debug|Any CPU = Debug|Any CPU
		Release|Any CPU = Release|Any CPU
	EndGlobalSection
	GlobalSection(ProjectConfigurationPlatforms) = postSolution
		{8BAC26E1-4086-42CE-A6B5-D8740FE0CE3F}.Debug|Any CPU.ActiveCfg = Debug|Any CPU
		{8BAC26E1-4086-42CE-A6B5-D8740FE0CE3F}.Debug|Any CPU.Build.0 = Debug|Any CPU
		{8BAC26E1-4086-42CE-A6B5-D8740FE0CE3F}.Release|Any CPU.ActiveCfg = Release|Any CPU
		{8BAC26E1-4086-42CE-A6B5-D8740FE0CE3F}.Release|Any CPU.Build.0 = Release|Any CPU
	EndGlobalSection
	GlobalSection(SolutionProperties) = preSolution
		HideSolutionNode = FALSE
	EndGlobalSection
	GlobalSection(ExtensibilityGlobals) = postSolution
		SolutionGuid = {07B0FD32-7429-4DA8-8F6A-4333A3675728}
	EndGlobalSection
EndGlobal
